# This file is automatically @generated by Cargo.
# It is not intended for manual editing.
version = 4

[[package]]
name = "fleet-overlay"
version = "0.1.0"

[[package]]
name = "overlay-bn"
version = "0.1.0"

[[package]]
name = "overlay-core"
version = "0.1.0"

[[package]]
name = "overlay-transport"
version = "0.1.0"
